{
  "name": "lab6",
  "version": "1.0.0",
  "lockfileVersion": 3,
  "requires": true,
  "packages": {
    "": {
      "name": "lab6",
      "version": "1.0.0",
      "license": "ISC",
      "dependencies": {
        "lab1": "file:",
        "lab6": "file:"
      }
    },
    "node_modules/lab1": {
      "resolved": "",
      "link": true
    },
    "node_modules/lab6": {
      "resolved": "",
      "link": true
    }
  }
}
